
Microsoft Visual Studio Solution File, Format Version 12.00
# Visual Studio Version 17
VisualStudioVersion = 17.4.33213.308
MinimumVisualStudioVersion = 10.0.40219.1
Project("{FAE04EC0-301F-11D3-BF4B-00C04F79EFBC}") = "StudentManager", "StudentManager.csproj", "{21E5F0B3-0637-494D-84E5-B3453880180F}"
EndProject
Global
	GlobalSection(SolutionConfigurationPlatforms) = preSolution
		Debug|Any CPU = Debug|Any CPU
		Release|Any CPU = Release|Any CPU
	EndGlobalSection
	GlobalSection(ProjectConfigurationPlatforms) = postSolution
		{21E5F0B3-0637-494D-84E5-B3453880180F}.Debug|Any CPU.ActiveCfg = Debug|Any CPU
		{21E5F0B3-0637-494D-84E5-B3453880180F}.Debug|Any CPU.Build.0 = Debug|Any CPU
		{21E5F0B3-0637-494D-84E5-B3453880180F}.Release|Any CPU.ActiveCfg = Release|Any CPU
		{21E5F0B3-0637-494D-84E5-B3453880180F}.Release|Any CPU.Build.0 = Release|Any CPU
	EndGlobalSection
	GlobalSection(SolutionProperties) = preSolution
		HideSolutionNode = FALSE
	EndGlobalSection
	GlobalSection(ExtensibilityGlobals) = postSolution
		SolutionGuid = {F3D801CC-3E22-470A-BA32-8BB09E4BF0FA}
	EndGlobalSection
EndGlobal
